
Microsoft Visual Studio Solution File, Format Version 12.00
# Visual Studio Version 16
VisualStudioVersion = 16.0.31019.35
MinimumVisualStudioVersion = 10.0.40219.1
Project("{9A19103F-16F7-4668-BE54-9A1E7A4F7556}") = "IPAlert", "IPAlert\IPAlert.csproj", "{89192078-EF7D-4775-B36B-3BC38BE5FFD8}"
EndProject
Project("{9A19103F-16F7-4668-BE54-9A1E7A4F7556}") = "Config", "Config\Config.csproj", "{52FD55BF-1153-4CC8-A321-1DA6AB9B5BAD}"
EndProject
Project("{9A19103F-16F7-4668-BE54-9A1E7A4F7556}") = "Emailer", "Emailer\Emailer.csproj", "{F33F1ED5-362C-45C9-A89D-D84317CD0DFC}"
EndProject
Project("{9A19103F-16F7-4668-BE54-9A1E7A4F7556}") = "IPGetter", "IPGetter\IPGetter.csproj", "{2EC609F3-88DC-4F11-A5FE-0B0B7589B89A}"
EndProject
Global
	GlobalSection(SolutionConfigurationPlatforms) = preSolution
		Debug|Any CPU = Debug|Any CPU
		Release|Any CPU = Release|Any CPU
	EndGlobalSection
	GlobalSection(ProjectConfigurationPlatforms) = postSolution
		{89192078-EF7D-4775-B36B-3BC38BE5FFD8}.Debug|Any CPU.ActiveCfg = Debug|Any CPU
		{89192078-EF7D-4775-B36B-3BC38BE5FFD8}.Debug|Any CPU.Build.0 = Debug|Any CPU
		{89192078-EF7D-4775-B36B-3BC38BE5FFD8}.Release|Any CPU.ActiveCfg = Release|Any CPU
		{89192078-EF7D-4775-B36B-3BC38BE5FFD8}.Release|Any CPU.Build.0 = Release|Any CPU
		{52FD55BF-1153-4CC8-A321-1DA6AB9B5BAD}.Debug|Any CPU.ActiveCfg = Debug|Any CPU
		{52FD55BF-1153-4CC8-A321-1DA6AB9B5BAD}.Debug|Any CPU.Build.0 = Debug|Any CPU
		{52FD55BF-1153-4CC8-A321-1DA6AB9B5BAD}.Release|Any CPU.ActiveCfg = Release|Any CPU
		{52FD55BF-1153-4CC8-A321-1DA6AB9B5BAD}.Release|Any CPU.Build.0 = Release|Any CPU
		{F33F1ED5-362C-45C9-A89D-D84317CD0DFC}.Debug|Any CPU.ActiveCfg = Debug|Any CPU
		{F33F1ED5-362C-45C9-A89D-D84317CD0DFC}.Debug|Any CPU.Build.0 = Debug|Any CPU
		{F33F1ED5-362C-45C9-A89D-D84317CD0DFC}.Release|Any CPU.ActiveCfg = Release|Any CPU
		{F33F1ED5-362C-45C9-A89D-D84317CD0DFC}.Release|Any CPU.Build.0 = Release|Any CPU
		{2EC609F3-88DC-4F11-A5FE-0B0B7589B89A}.Debug|Any CPU.ActiveCfg = Debug|Any CPU
		{2EC609F3-88DC-4F11-A5FE-0B0B7589B89A}.Debug|Any CPU.Build.0 = Debug|Any CPU
		{2EC609F3-88DC-4F11-A5FE-0B0B7589B89A}.Release|Any CPU.ActiveCfg = Release|Any CPU
		{2EC609F3-88DC-4F11-A5FE-0B0B7589B89A}.Release|Any CPU.Build.0 = Release|Any CPU
	EndGlobalSection
	GlobalSection(SolutionProperties) = preSolution
		HideSolutionNode = FALSE
	EndGlobalSection
	GlobalSection(ExtensibilityGlobals) = postSolution
		SolutionGuid = {6225DDB6-1720-4FD8-8223-A4C8D72457E2}
	EndGlobalSection
EndGlobal
